
Microsoft Visual Studio Solution File, Format Version 12.00
# Visual Studio Version 17
VisualStudioVersion = 17.14.36121.58
MinimumVisualStudioVersion = 10.0.40219.1
Project("{FAE04EC0-301F-11D3-BF4B-00C04F79EFBC}") = "GUSEXPRESS", "GUSEXPRESS\GUSEXPRESS.csproj", "{4BB2E9CA-494D-4E3C-9BCD-7E9CD178925B}"
EndProject
Global
	GlobalSection(SolutionConfigurationPlatforms) = preSolution
		Debug|Any CPU = Debug|Any CPU
		Release|Any CPU = Release|Any CPU
	EndGlobalSection
	GlobalSection(ProjectConfigurationPlatforms) = postSolution
		{4BB2E9CA-494D-4E3C-9BCD-7E9CD178925B}.Debug|Any CPU.ActiveCfg = Debug|Any CPU
		{4BB2E9CA-494D-4E3C-9BCD-7E9CD178925B}.Debug|Any CPU.Build.0 = Debug|Any CPU
		{4BB2E9CA-494D-4E3C-9BCD-7E9CD178925B}.Release|Any CPU.ActiveCfg = Release|Any CPU
		{4BB2E9CA-494D-4E3C-9BCD-7E9CD178925B}.Release|Any CPU.Build.0 = Release|Any CPU
	EndGlobalSection
	GlobalSection(SolutionProperties) = preSolution
		HideSolutionNode = FALSE
	EndGlobalSection
	GlobalSection(ExtensibilityGlobals) = postSolution
		SolutionGuid = {FE44B6B5-3D2E-43BF-8489-20654BC8AA30}
	EndGlobalSection
EndGlobal
